
Microsoft Visual Studio Solution File, Format Version 12.00
# Visual Studio 15
VisualStudioVersion = 15.0.28307.705
MinimumVisualStudioVersion = 10.0.40219.1
Project("{FAE04EC0-301F-11D3-BF4B-00C04F79EFBC}") = "QRScannerPOC.Android", "QRScannerPOC\QRScannerPOC.Android\QRScannerPOC.Android.csproj", "{C678B95D-DF75-45FE-9A9F-0DB84EEC5DF6}"
EndProject
Project("{FAE04EC0-301F-11D3-BF4B-00C04F79EFBC}") = "QRScannerPOC.iOS", "QRScannerPOC\QRScannerPOC.iOS\QRScannerPOC.iOS.csproj", "{3AA75934-A4AD-4040-A12B-01B9DAB30C3C}"
EndProject
Project("{FAE04EC0-301F-11D3-BF4B-00C04F79EFBC}") = "QRScannerPOC", "QRScannerPOC\QRScannerPOC\QRScannerPOC.csproj", "{0313978B-917F-4224-8E1B-0BF5B5C3578A}"
EndProject
Global
	GlobalSection(SolutionConfigurationPlatforms) = preSolution
		Ad-Hoc|Any CPU = Ad-Hoc|Any CPU
		Ad-Hoc|iPhone = Ad-Hoc|iPhone
		Ad-Hoc|iPhoneSimulator = Ad-Hoc|iPhoneSimulator
		AppStore|Any CPU = AppStore|Any CPU
		AppStore|iPhone = AppStore|iPhone
		AppStore|iPhoneSimulator = AppStore|iPhoneSimulator
		Debug|Any CPU = Debug|Any CPU
		Debug|iPhone = Debug|iPhone
		Debug|iPhoneSimulator = Debug|iPhoneSimulator
		Release|Any CPU = Release|Any CPU
		Release|iPhone = Release|iPhone
		Release|iPhoneSimulator = Release|iPhoneSimulator
	EndGlobalSection
	GlobalSection(ProjectConfigurationPlatforms) = postSolution
		{C678B95D-DF75-45FE-9A9F-0DB84EEC5DF6}.Ad-Hoc|Any CPU.ActiveCfg = Release|Any CPU
		{C678B95D-DF75-45FE-9A9F-0DB84EEC5DF6}.Ad-Hoc|Any CPU.Build.0 = Release|Any CPU
		{C678B95D-DF75-45FE-9A9F-0DB84EEC5DF6}.Ad-Hoc|Any CPU.Deploy.0 = Release|Any CPU
		{C678B95D-DF75-45FE-9A9F-0DB84EEC5DF6}.Ad-Hoc|iPhone.ActiveCfg = Release|Any CPU
		{C678B95D-DF75-45FE-9A9F-0DB84EEC5DF6}.Ad-Hoc|iPhone.Build.0 = Release|Any CPU
		{C678B95D-DF75-45FE-9A9F-0DB84EEC5DF6}.Ad-Hoc|iPhone.Deploy.0 = Release|Any CPU
		{C678B95D-DF75-45FE-9A9F-0DB84EEC5DF6}.Ad-Hoc|iPhoneSimulator.ActiveCfg = Release|Any CPU
		{C678B95D-DF75-45FE-9A9F-0DB84EEC5DF6}.Ad-Hoc|iPhoneSimulator.Build.0 = Release|Any CPU
		{C678B95D-DF75-45FE-9A9F-0DB84EEC5DF6}.Ad-Hoc|iPhoneSimulator.Deploy.0 = Release|Any CPU
		{C678B95D-DF75-45FE-9A9F-0DB84EEC5DF6}.AppStore|Any CPU.ActiveCfg = Release|Any CPU
		{C678B95D-DF75-45FE-9A9F-0DB84EEC5DF6}.AppStore|Any CPU.Build.0 = Release|Any CPU
		{C678B95D-DF75-45FE-9A9F-0DB84EEC5DF6}.AppStore|Any CPU.Deploy.0 = Release|Any CPU
		{C678B95D-DF75-45FE-9A9F-0DB84EEC5DF6}.AppStore|iPhone.ActiveCfg = Release|Any CPU
		{C678B95D-DF75-45FE-9A9F-0DB84EEC5DF6}.AppStore|iPhone.Build.0 = Release|Any CPU
		{C678B95D-DF75-45FE-9A9F-0DB84EEC5DF6}.AppStore|iPhone.Deploy.0 = Release|Any CPU
		{C678B95D-DF75-45FE-9A9F-0DB84EEC5DF6}.AppStore|iPhoneSimulator.ActiveCfg = Release|Any CPU
		{C678B95D-DF75-45FE-9A9F-0DB84EEC5DF6}.AppStore|iPhoneSimulator.Build.0 = Release|Any CPU
		{C678B95D-DF75-45FE-9A9F-0DB84EEC5DF6}.AppStore|iPhoneSimulator.Deploy.0 = Release|Any CPU
		{C678B95D-DF75-45FE-9A9F-0DB84EEC5DF6}.Debug|Any CPU.ActiveCfg = Debug|Any CPU
		{C678B95D-DF75-45FE-9A9F-0DB84EEC5DF6}.Debug|Any CPU.Build.0 = Debug|Any CPU
		{C678B95D-DF75-45FE-9A9F-0DB84EEC5DF6}.Debug|Any CPU.Deploy.0 = Debug|Any CPU
		{C678B95D-DF75-45FE-9A9F-0DB84EEC5DF6}.Debug|iPhone.ActiveCfg = Debug|Any CPU
		{C678B95D-DF75-45FE-9A9F-0DB84EEC5DF6}.Debug|iPhone.Build.0 = Debug|Any CPU
		{C678B95D-DF75-45FE-9A9F-0DB84EEC5DF6}.Debug|iPhone.Deploy.0 = Debug|Any CPU
		{C678B95D-DF75-45FE-9A9F-0DB84EEC5DF6}.Debug|iPhoneSimulator.ActiveCfg = Debug|Any CPU
		{C678B95D-DF75-45FE-9A9F-0DB84EEC5DF6}.Debug|iPhoneSimulator.Build.0 = Debug|Any CPU
		{C678B95D-DF75-45FE-9A9F-0DB84EEC5DF6}.Debug|iPhoneSimulator.Deploy.0 = Debug|Any CPU
		{C678B95D-DF75-45FE-9A9F-0DB84EEC5DF6}.Release|Any CPU.ActiveCfg = Release|Any CPU
		{C678B95D-DF75-45FE-9A9F-0DB84EEC5DF6}.Release|Any CPU.Build.0 = Release|Any CPU
		{C678B95D-DF75-45FE-9A9F-0DB84EEC5DF6}.Release|Any CPU.Deploy.0 = Release|Any CPU
		{C678B95D-DF75-45FE-9A9F-0DB84EEC5DF6}.Release|iPhone.ActiveCfg = Release|Any CPU
		{C678B95D-DF75-45FE-9A9F-0DB84EEC5DF6}.Release|iPhone.Build.0 = Release|Any CPU
		{C678B95D-DF75-45FE-9A9F-0DB84EEC5DF6}.Release|iPhone.Deploy.0 = Release|Any CPU
		{C678B95D-DF75-45FE-9A9F-0DB84EEC5DF6}.Release|iPhoneSimulator.ActiveCfg = Release|Any CPU
		{C678B95D-DF75-45FE-9A9F-0DB84EEC5DF6}.Release|iPhoneSimulator.Build.0 = Release|Any CPU
		{C678B95D-DF75-45FE-9A9F-0DB84EEC5DF6}.Release|iPhoneSimulator.Deploy.0 = Release|Any CPU
		{3AA75934-A4AD-4040-A12B-01B9DAB30C3C}.Ad-Hoc|Any CPU.ActiveCfg = Ad-Hoc|iPhone
		{3AA75934-A4AD-4040-A12B-01B9DAB30C3C}.Ad-Hoc|Any CPU.Build.0 = Ad-Hoc|iPhone
		{3AA75934-A4AD-4040-A12B-01B9DAB30C3C}.Ad-Hoc|Any CPU.Deploy.0 = Ad-Hoc|iPhone
		{3AA75934-A4AD-4040-A12B-01B9DAB30C3C}.Ad-Hoc|iPhone.ActiveCfg = Ad-Hoc|iPhone
		{3AA75934-A4AD-4040-A12B-01B9DAB30C3C}.Ad-Hoc|iPhone.Build.0 = Ad-Hoc|iPhone
		{3AA75934-A4AD-4040-A12B-01B9DAB30C3C}.Ad-Hoc|iPhone.Deploy.0 = Ad-Hoc|iPhone
		{3AA75934-A4AD-4040-A12B-01B9DAB30C3C}.Ad-Hoc|iPhoneSimulator.ActiveCfg = Ad-Hoc|iPhoneSimulator
		{3AA75934-A4AD-4040-A12B-01B9DAB30C3C}.Ad-Hoc|iPhoneSimulator.Build.0 = Ad-Hoc|iPhoneSimulator
		{3AA75934-A4AD-4040-A12B-01B9DAB30C3C}.Ad-Hoc|iPhoneSimulator.Deploy.0 = Ad-Hoc|iPhoneSimulator
		{3AA75934-A4AD-4040-A12B-01B9DAB30C3C}.AppStore|Any CPU.ActiveCfg = AppStore|iPhone
		{3AA75934-A4AD-4040-A12B-01B9DAB30C3C}.AppStore|Any CPU.Build.0 = AppStore|iPhone
		{3AA75934-A4AD-4040-A12B-01B9DAB30C3C}.AppStore|Any CPU.Deploy.0 = AppStore|iPhone
		{3AA75934-A4AD-4040-A12B-01B9DAB30C3C}.AppStore|iPhone.ActiveCfg = AppStore|iPhone
		{3AA75934-A4AD-4040-A12B-01B9DAB30C3C}.AppStore|iPhone.Build.0 = AppStore|iPhone
		{3AA75934-A4AD-4040-A12B-01B9DAB30C3C}.AppStore|iPhone.Deploy.0 = AppStore|iPhone
		{3AA75934-A4AD-4040-A12B-01B9DAB30C3C}.AppStore|iPhoneSimulator.ActiveCfg = AppStore|iPhoneSimulator
		{3AA75934-A4AD-4040-A12B-01B9DAB30C3C}.AppStore|iPhoneSimulator.Build.0 = AppStore|iPhoneSimulator
		{3AA75934-A4AD-4040-A12B-01B9DAB30C3C}.AppStore|iPhoneSimulator.Deploy.0 = AppStore|iPhoneSimulator
		{3AA75934-A4AD-4040-A12B-01B9DAB30C3C}.Debug|Any CPU.ActiveCfg = Debug|iPhoneSimulator
		{3AA75934-A4AD-4040-A12B-01B9DAB30C3C}.Debug|Any CPU.Build.0 = Debug|iPhoneSimulator
		{3AA75934-A4AD-4040-A12B-01B9DAB30C3C}.Debug|Any CPU.Deploy.0 = Debug|iPhoneSimulator
		{3AA75934-A4AD-4040-A12B-01B9DAB30C3C}.Debug|iPhone.ActiveCfg = Debug|iPhone
		{3AA75934-A4AD-4040-A12B-01B9DAB30C3C}.Debug|iPhone.Build.0 = Debug|iPhone
		{3AA75934-A4AD-4040-A12B-01B9DAB30C3C}.Debug|iPhone.Deploy.0 = Debug|iPhone
		{3AA75934-A4AD-4040-A12B-01B9DAB30C3C}.Debug|iPhoneSimulator.ActiveCfg = Debug|iPhoneSimulator
		{3AA75934-A4AD-4040-A12B-01B9DAB30C3C}.Debug|iPhoneSimulator.Build.0 = Debug|iPhoneSimulator
		{3AA75934-A4AD-4040-A12B-01B9DAB30C3C}.Debug|iPhoneSimulator.Deploy.0 = Debug|iPhoneSimulator
		{3AA75934-A4AD-4040-A12B-01B9DAB30C3C}.Release|Any CPU.ActiveCfg = Release|iPhone
		{3AA75934-A4AD-4040-A12B-01B9DAB30C3C}.Release|Any CPU.Build.0 = Release|iPhone
		{3AA75934-A4AD-4040-A12B-01B9DAB30C3C}.Release|Any CPU.Deploy.0 = Release|iPhone
		{3AA75934-A4AD-4040-A12B-01B9DAB30C3C}.Release|iPhone.ActiveCfg = Release|iPhone
		{3AA75934-A4AD-4040-A12B-01B9DAB30C3C}.Release|iPhone.Build.0 = Release|iPhone
		{3AA75934-A4AD-4040-A12B-01B9DAB30C3C}.Release|iPhone.Deploy.0 = Release|iPhone
		{3AA75934-A4AD-4040-A12B-01B9DAB30C3C}.Release|iPhoneSimulator.ActiveCfg = Release|iPhoneSimulator
		{3AA75934-A4AD-4040-A12B-01B9DAB30C3C}.Release|iPhoneSimulator.Build.0 = Release|iPhoneSimulator
		{3AA75934-A4AD-4040-A12B-01B9DAB30C3C}.Release|iPhoneSimulator.Deploy.0 = Release|iPhoneSimulator
		{0313978B-917F-4224-8E1B-0BF5B5C3578A}.Ad-Hoc|Any CPU.ActiveCfg = Debug|Any CPU
		{0313978B-917F-4224-8E1B-0BF5B5C3578A}.Ad-Hoc|Any CPU.Build.0 = Debug|Any CPU
		{0313978B-917F-4224-8E1B-0BF5B5C3578A}.Ad-Hoc|Any CPU.Deploy.0 = Debug|Any CPU
		{0313978B-917F-4224-8E1B-0BF5B5C3578A}.Ad-Hoc|iPhone.ActiveCfg = Debug|Any CPU
		{0313978B-917F-4224-8E1B-0BF5B5C3578A}.Ad-Hoc|iPhone.Build.0 = Debug|Any CPU
		{0313978B-917F-4224-8E1B-0BF5B5C3578A}.Ad-Hoc|iPhone.Deploy.0 = Debug|Any CPU
		{0313978B-917F-4224-8E1B-0BF5B5C3578A}.Ad-Hoc|iPhoneSimulator.ActiveCfg = Debug|Any CPU
		{0313978B-917F-4224-8E1B-0BF5B5C3578A}.Ad-Hoc|iPhoneSimulator.Build.0 = Debug|Any CPU
		{0313978B-917F-4224-8E1B-0BF5B5C3578A}.Ad-Hoc|iPhoneSimulator.Deploy.0 = Debug|Any CPU
		{0313978B-917F-4224-8E1B-0BF5B5C3578A}.AppStore|Any CPU.ActiveCfg = Debug|Any CPU
		{0313978B-917F-4224-8E1B-0BF5B5C3578A}.AppStore|Any CPU.Build.0 = Debug|Any CPU
		{0313978B-917F-4224-8E1B-0BF5B5C3578A}.AppStore|Any CPU.Deploy.0 = Debug|Any CPU
		{0313978B-917F-4224-8E1B-0BF5B5C3578A}.AppStore|iPhone.ActiveCfg = Debug|Any CPU
		{0313978B-917F-4224-8E1B-0BF5B5C3578A}.AppStore|iPhone.Build.0 = Debug|Any CPU
		{0313978B-917F-4224-8E1B-0BF5B5C3578A}.AppStore|iPhone.Deploy.0 = Debug|Any CPU
		{0313978B-917F-4224-8E1B-0BF5B5C3578A}.AppStore|iPhoneSimulator.ActiveCfg = Debug|Any CPU
		{0313978B-917F-4224-8E1B-0BF5B5C3578A}.AppStore|iPhoneSimulator.Build.0 = Debug|Any CPU
		{0313978B-917F-4224-8E1B-0BF5B5C3578A}.AppStore|iPhoneSimulator.Deploy.0 = Debug|Any CPU
		{0313978B-917F-4224-8E1B-0BF5B5C3578A}.Debug|Any CPU.ActiveCfg = Debug|Any CPU
		{0313978B-917F-4224-8E1B-0BF5B5C3578A}.Debug|Any CPU.Build.0 = Debug|Any CPU
		{0313978B-917F-4224-8E1B-0BF5B5C3578A}.Debug|Any CPU.Deploy.0 = Debug|Any CPU
		{0313978B-917F-4224-8E1B-0BF5B5C3578A}.Debug|iPhone.ActiveCfg = Debug|Any CPU
		{0313978B-917F-4224-8E1B-0BF5B5C3578A}.Debug|iPhone.Build.0 = Debug|Any CPU
		{0313978B-917F-4224-8E1B-0BF5B5C3578A}.Debug|iPhone.Deploy.0 = Debug|Any CPU
		{0313978B-917F-4224-8E1B-0BF5B5C3578A}.Debug|iPhoneSimulator.ActiveCfg = Debug|Any CPU
		{0313978B-917F-4224-8E1B-0BF5B5C3578A}.Debug|iPhoneSimulator.Build.0 = Debug|Any CPU
		{0313978B-917F-4224-8E1B-0BF5B5C3578A}.Debug|iPhoneSimulator.Deploy.0 = Debug|Any CPU
		{0313978B-917F-4224-8E1B-0BF5B5C3578A}.Release|Any CPU.ActiveCfg = Release|Any CPU
		{0313978B-917F-4224-8E1B-0BF5B5C3578A}.Release|Any CPU.Build.0 = Release|Any CPU
		{0313978B-917F-4224-8E1B-0BF5B5C3578A}.Release|Any CPU.Deploy.0 = Release|Any CPU
		{0313978B-917F-4224-8E1B-0BF5B5C3578A}.Release|iPhone.ActiveCfg = Release|Any CPU
		{0313978B-917F-4224-8E1B-0BF5B5C3578A}.Release|iPhone.Build.0 = Release|Any CPU
		{0313978B-917F-4224-8E1B-0BF5B5C3578A}.Release|iPhone.Deploy.0 = Release|Any CPU
		{0313978B-917F-4224-8E1B-0BF5B5C3578A}.Release|iPhoneSimulator.ActiveCfg = Release|Any CPU
		{0313978B-917F-4224-8E1B-0BF5B5C3578A}.Release|iPhoneSimulator.Build.0 = Release|Any CPU
		{0313978B-917F-4224-8E1B-0BF5B5C3578A}.Release|iPhoneSimulator.Deploy.0 = Release|Any CPU
	EndGlobalSection
	GlobalSection(SolutionProperties) = preSolution
		HideSolutionNode = FALSE
	EndGlobalSection
	GlobalSection(ExtensibilityGlobals) = postSolution
		SolutionGuid = {CFDC2037-AEB1-456C-958A-BE6EA804EEF1}
	EndGlobalSection
EndGlobal
